
Microsoft Visual Studio Solution File, Format Version 12.00
# Visual Studio Version 16
VisualStudioVersion = 16.0.32510.428
MinimumVisualStudioVersion = 10.0.40219.1
Project("{FAE04EC0-301F-11D3-BF4B-00C04F79EFBC}") = "SecurityProject", "SecurityProject\SecurityProject.csproj", "{86D1DA74-61CD-409A-ACBF-1438FBAE631B}"
EndProject
Global
	GlobalSection(SolutionConfigurationPlatforms) = preSolution
		Debug|Any CPU = Debug|Any CPU
		Release|Any CPU = Release|Any CPU
	EndGlobalSection
	GlobalSection(ProjectConfigurationPlatforms) = postSolution
		{86D1DA74-61CD-409A-ACBF-1438FBAE631B}.Debug|Any CPU.ActiveCfg = Debug|Any CPU
		{86D1DA74-61CD-409A-ACBF-1438FBAE631B}.Debug|Any CPU.Build.0 = Debug|Any CPU
		{86D1DA74-61CD-409A-ACBF-1438FBAE631B}.Release|Any CPU.ActiveCfg = Release|Any CPU
		{86D1DA74-61CD-409A-ACBF-1438FBAE631B}.Release|Any CPU.Build.0 = Release|Any CPU
	EndGlobalSection
	GlobalSection(SolutionProperties) = preSolution
		HideSolutionNode = FALSE
	EndGlobalSection
	GlobalSection(ExtensibilityGlobals) = postSolution
		SolutionGuid = {827CDDCF-D159-4AE1-8F55-8EB18DCED1E9}
	EndGlobalSection
EndGlobal
